
Microsoft Visual Studio Solution File, Format Version 12.00
# Visual Studio Version 17
VisualStudioVersion = 17.1.32203.90
MinimumVisualStudioVersion = 10.0.40219.1
Project("{9A19103F-16F7-4668-BE54-9A1E7A4F7556}") = "DotnetDDrawSample.Playground", "DotnetDDrawSample.Playground\DotnetDDrawSample.Playground.csproj", "{2C208B2F-2397-443D-A046-950E64A0034F}"
EndProject
Project("{9A19103F-16F7-4668-BE54-9A1E7A4F7556}") = "DotnetDDrawSample.DDrawLib", "DotnetDDrawSample.DDrawLib\DotnetDDrawSample.DDrawLib.csproj", "{E2625293-A1EF-4FCE-A156-8C5C59D15766}"
EndProject
Project("{9A19103F-16F7-4668-BE54-9A1E7A4F7556}") = "DotnetDDrawSample.ImageData", "DotnetDDrawSample.ImageData\DotnetDDrawSample.ImageData.csproj", "{15D83E31-FA05-427A-B2DB-DA0D8F75B568}"
EndProject
Project("{9A19103F-16F7-4668-BE54-9A1E7A4F7556}") = "DotnetDDrawSample.Utils", "DotnetDDrawSample.Utils\DotnetDDrawSample.Utils.csproj", "{8EE67DFA-C805-49C3-9951-E47A8534E870}"
EndProject
Global
	GlobalSection(SolutionConfigurationPlatforms) = preSolution
		Debug|Any CPU = Debug|Any CPU
		Release|Any CPU = Release|Any CPU
	EndGlobalSection
	GlobalSection(ProjectConfigurationPlatforms) = postSolution
		{2C208B2F-2397-443D-A046-950E64A0034F}.Debug|Any CPU.ActiveCfg = Debug|Any CPU
		{2C208B2F-2397-443D-A046-950E64A0034F}.Debug|Any CPU.Build.0 = Debug|Any CPU
		{2C208B2F-2397-443D-A046-950E64A0034F}.Release|Any CPU.ActiveCfg = Release|Any CPU
		{2C208B2F-2397-443D-A046-950E64A0034F}.Release|Any CPU.Build.0 = Release|Any CPU
		{E2625293-A1EF-4FCE-A156-8C5C59D15766}.Debug|Any CPU.ActiveCfg = Debug|Any CPU
		{E2625293-A1EF-4FCE-A156-8C5C59D15766}.Debug|Any CPU.Build.0 = Debug|Any CPU
		{E2625293-A1EF-4FCE-A156-8C5C59D15766}.Release|Any CPU.ActiveCfg = Release|Any CPU
		{E2625293-A1EF-4FCE-A156-8C5C59D15766}.Release|Any CPU.Build.0 = Release|Any CPU
		{15D83E31-FA05-427A-B2DB-DA0D8F75B568}.Debug|Any CPU.ActiveCfg = Debug|Any CPU
		{15D83E31-FA05-427A-B2DB-DA0D8F75B568}.Debug|Any CPU.Build.0 = Debug|Any CPU
		{15D83E31-FA05-427A-B2DB-DA0D8F75B568}.Release|Any CPU.ActiveCfg = Release|Any CPU
		{15D83E31-FA05-427A-B2DB-DA0D8F75B568}.Release|Any CPU.Build.0 = Release|Any CPU
		{8EE67DFA-C805-49C3-9951-E47A8534E870}.Debug|Any CPU.ActiveCfg = Debug|Any CPU
		{8EE67DFA-C805-49C3-9951-E47A8534E870}.Debug|Any CPU.Build.0 = Debug|Any CPU
		{8EE67DFA-C805-49C3-9951-E47A8534E870}.Release|Any CPU.ActiveCfg = Release|Any CPU
		{8EE67DFA-C805-49C3-9951-E47A8534E870}.Release|Any CPU.Build.0 = Release|Any CPU
	EndGlobalSection
	GlobalSection(SolutionProperties) = preSolution
		HideSolutionNode = FALSE
	EndGlobalSection
	GlobalSection(ExtensibilityGlobals) = postSolution
		SolutionGuid = {F6006A07-3024-4A61-ACB3-90AB447225D2}
	EndGlobalSection
EndGlobal
